
Microsoft Visual Studio Solution File, Format Version 12.00
# Visual Studio Version 17
VisualStudioVersion = 17.0.31903.59
MinimumVisualStudioVersion = 10.0.40219.1
Project("{FAE04EC0-301F-11D3-BF4B-00C04F79EFBC}") = "API", "API\API.csproj", "{3305FC46-CC00-448B-BABF-EE7987565024}"
EndProject
Project("{FAE04EC0-301F-11D3-BF4B-00C04F79EFBC}") = "Application", "Application\Application.csproj", "{FBD916E8-5A10-433E-B152-2321602D5EE9}"
EndProject
Project("{FAE04EC0-301F-11D3-BF4B-00C04F79EFBC}") = "Domain", "Domain\Domain.csproj", "{ADC41A45-C0D9-4517-81D4-970FACF8CD65}"
EndProject
Project("{FAE04EC0-301F-11D3-BF4B-00C04F79EFBC}") = "Persistence", "Persistence\Persistence.csproj", "{D656E326-DBA8-4BAF-9E67-692A1AD793DA}"
EndProject
Global
	GlobalSection(SolutionConfigurationPlatforms) = preSolution
		Debug|Any CPU = Debug|Any CPU
		Release|Any CPU = Release|Any CPU
	EndGlobalSection
	GlobalSection(SolutionProperties) = preSolution
		HideSolutionNode = FALSE
	EndGlobalSection
	GlobalSection(ProjectConfigurationPlatforms) = postSolution
		{3305FC46-CC00-448B-BABF-EE7987565024}.Debug|Any CPU.ActiveCfg = Debug|Any CPU
		{3305FC46-CC00-448B-BABF-EE7987565024}.Debug|Any CPU.Build.0 = Debug|Any CPU
		{3305FC46-CC00-448B-BABF-EE7987565024}.Release|Any CPU.ActiveCfg = Release|Any CPU
		{3305FC46-CC00-448B-BABF-EE7987565024}.Release|Any CPU.Build.0 = Release|Any CPU
		{FBD916E8-5A10-433E-B152-2321602D5EE9}.Debug|Any CPU.ActiveCfg = Debug|Any CPU
		{FBD916E8-5A10-433E-B152-2321602D5EE9}.Debug|Any CPU.Build.0 = Debug|Any CPU
		{FBD916E8-5A10-433E-B152-2321602D5EE9}.Release|Any CPU.ActiveCfg = Release|Any CPU
		{FBD916E8-5A10-433E-B152-2321602D5EE9}.Release|Any CPU.Build.0 = Release|Any CPU
		{ADC41A45-C0D9-4517-81D4-970FACF8CD65}.Debug|Any CPU.ActiveCfg = Debug|Any CPU
		{ADC41A45-C0D9-4517-81D4-970FACF8CD65}.Debug|Any CPU.Build.0 = Debug|Any CPU
		{ADC41A45-C0D9-4517-81D4-970FACF8CD65}.Release|Any CPU.ActiveCfg = Release|Any CPU
		{ADC41A45-C0D9-4517-81D4-970FACF8CD65}.Release|Any CPU.Build.0 = Release|Any CPU
		{D656E326-DBA8-4BAF-9E67-692A1AD793DA}.Debug|Any CPU.ActiveCfg = Debug|Any CPU
		{D656E326-DBA8-4BAF-9E67-692A1AD793DA}.Debug|Any CPU.Build.0 = Debug|Any CPU
		{D656E326-DBA8-4BAF-9E67-692A1AD793DA}.Release|Any CPU.ActiveCfg = Release|Any CPU
		{D656E326-DBA8-4BAF-9E67-692A1AD793DA}.Release|Any CPU.Build.0 = Release|Any CPU
	EndGlobalSection
EndGlobal
